
Microsoft Visual Studio Solution File, Format Version 12.00
# Visual Studio 15
VisualStudioVersion = 15.0.27703.2018
MinimumVisualStudioVersion = 10.0.40219.1
Project("{FAE04EC0-301F-11D3-BF4B-00C04F79EFBC}") = "FunFoodServer.Domain", "FunFoodServer.Domain\FunFoodServer.Domain.csproj", "{816DB58D-3E1A-4668-B06B-3B5C5711CB57}"
EndProject
Project("{FAE04EC0-301F-11D3-BF4B-00C04F79EFBC}") = "FunFoodServer.Repositories", "FunFoodServer.Repositories\FunFoodServer.Repositories.csproj", "{31131412-3794-4909-B194-A68705F91BCE}"
EndProject
Project("{FAE04EC0-301F-11D3-BF4B-00C04F79EFBC}") = "FunFoodServer.Domain.Tests", "FunFoodServer.Domain.Tests\FunFoodServer.Domain.Tests.csproj", "{980DD258-27C4-4FB5-9D3C-7D6E9F791AE7}"
EndProject
Global
	GlobalSection(SolutionConfigurationPlatforms) = preSolution
		Debug|Any CPU = Debug|Any CPU
		Release|Any CPU = Release|Any CPU
	EndGlobalSection
	GlobalSection(ProjectConfigurationPlatforms) = postSolution
		{816DB58D-3E1A-4668-B06B-3B5C5711CB57}.Debug|Any CPU.ActiveCfg = Debug|Any CPU
		{816DB58D-3E1A-4668-B06B-3B5C5711CB57}.Debug|Any CPU.Build.0 = Debug|Any CPU
		{816DB58D-3E1A-4668-B06B-3B5C5711CB57}.Release|Any CPU.ActiveCfg = Release|Any CPU
		{816DB58D-3E1A-4668-B06B-3B5C5711CB57}.Release|Any CPU.Build.0 = Release|Any CPU
		{31131412-3794-4909-B194-A68705F91BCE}.Debug|Any CPU.ActiveCfg = Debug|Any CPU
		{31131412-3794-4909-B194-A68705F91BCE}.Debug|Any CPU.Build.0 = Debug|Any CPU
		{31131412-3794-4909-B194-A68705F91BCE}.Release|Any CPU.ActiveCfg = Release|Any CPU
		{31131412-3794-4909-B194-A68705F91BCE}.Release|Any CPU.Build.0 = Release|Any CPU
		{980DD258-27C4-4FB5-9D3C-7D6E9F791AE7}.Debug|Any CPU.ActiveCfg = Debug|Any CPU
		{980DD258-27C4-4FB5-9D3C-7D6E9F791AE7}.Debug|Any CPU.Build.0 = Debug|Any CPU
		{980DD258-27C4-4FB5-9D3C-7D6E9F791AE7}.Release|Any CPU.ActiveCfg = Release|Any CPU
		{980DD258-27C4-4FB5-9D3C-7D6E9F791AE7}.Release|Any CPU.Build.0 = Release|Any CPU
	EndGlobalSection
	GlobalSection(SolutionProperties) = preSolution
		HideSolutionNode = FALSE
	EndGlobalSection
	GlobalSection(ExtensibilityGlobals) = postSolution
		SolutionGuid = {4FD39FFD-E72B-4CE9-9F9C-6ABC6F974ABE}
	EndGlobalSection
	GlobalSection(MonoDevelopProperties) = preSolution
		Policies = $0
		$0.TextStylePolicy = $1
		$1.FileWidth = 80
		$1.TabsToSpaces = True
		$1.IndentWidth = 2
		$1.scope = text/x-csharp
		$1.TabWidth = 2
		$0.CSharpFormattingPolicy = $2
		$2.scope = text/x-csharp
	EndGlobalSection
EndGlobal
