
Microsoft Visual Studio Solution File, Format Version 12.00
# Visual Studio 15
VisualStudioVersion = 15.0.27703.2018
MinimumVisualStudioVersion = 10.0.40219.1
Project("{FAE04EC0-301F-11D3-BF4B-00C04F79EFBC}") = "FunFoodServer.Domain", "FunFoodServer.Domain\FunFoodServer.Domain.csproj", "{816DB58D-3E1A-4668-B06B-3B5C5711CB57}"
EndProject
Global
	GlobalSection(SolutionConfigurationPlatforms) = preSolution
		Debug|Any CPU = Debug|Any CPU
		Release|Any CPU = Release|Any CPU
	EndGlobalSection
	GlobalSection(ProjectConfigurationPlatforms) = postSolution
		{816DB58D-3E1A-4668-B06B-3B5C5711CB57}.Debug|Any CPU.ActiveCfg = Debug|Any CPU
		{816DB58D-3E1A-4668-B06B-3B5C5711CB57}.Debug|Any CPU.Build.0 = Debug|Any CPU
		{816DB58D-3E1A-4668-B06B-3B5C5711CB57}.Release|Any CPU.ActiveCfg = Release|Any CPU
		{816DB58D-3E1A-4668-B06B-3B5C5711CB57}.Release|Any CPU.Build.0 = Release|Any CPU
	EndGlobalSection
	GlobalSection(SolutionProperties) = preSolution
		HideSolutionNode = FALSE
	EndGlobalSection
	GlobalSection(ExtensibilityGlobals) = postSolution
		SolutionGuid = {4FD39FFD-E72B-4CE9-9F9C-6ABC6F974ABE}
	EndGlobalSection
EndGlobal
